
Microsoft Visual Studio Solution File, Format Version 12.00
# Visual Studio Version 17
VisualStudioVersion = 17.14.36623.8
MinimumVisualStudioVersion = 10.0.40219.1
Project("{2150E333-8FDC-42A3-9474-1A3956D46DE8}") = "src", "src", "{02EA681E-C7D8-13C7-8484-4AC65E1B71E8}"
EndProject
Project("{2150E333-8FDC-42A3-9474-1A3956D46DE8}") = "tests", "tests", "{ED694EBE-F53D-44EE-A13F-1C1682237728}"
EndProject
Project("{FAE04EC0-301F-11D3-BF4B-00C04F79EFBC}") = "CashFlow.API", "src\CashFlow.API\CashFlow.API.csproj", "{70D99F76-2022-40DA-B4AA-1AB1C8E29F39}"
EndProject
Project("{FAE04EC0-301F-11D3-BF4B-00C04F79EFBC}") = "CashFlow.Domain", "src\CashFlow.Domain\CashFlow.Domain.csproj", "{DD81B884-15CC-4557-BF3D-8B15CE4B44FA}"
EndProject
Project("{FAE04EC0-301F-11D3-BF4B-00C04F79EFBC}") = "CashFlow.Application", "src\CashFlow.Application\CashFlow.Application.csproj", "{AA12BE50-37F4-4D3A-8BF6-3ADEB80498A8}"
EndProject
Project("{FAE04EC0-301F-11D3-BF4B-00C04F79EFBC}") = "CashFlow.Communication", "src\CashFlow.Communication\CashFlow.Communication.csproj", "{D4BA73D1-DE2B-4B94-B54B-E65A4DB377E5}"
EndProject
Project("{FAE04EC0-301F-11D3-BF4B-00C04F79EFBC}") = "CashFlow.Exception", "src\CashFlow.Exception\CashFlow.Exception.csproj", "{2D536CBF-5ABA-F1F4-E244-F4FA4E7B20F7}"
EndProject
Project("{FAE04EC0-301F-11D3-BF4B-00C04F79EFBC}") = "CashFlow.Infrastructure", "src\CashFlow.Infrastructure\CashFlow.Infrastructure.csproj", "{8D2E27B2-A42E-D7F6-C2FD-025779663AD8}"
EndProject
Global
	GlobalSection(SolutionConfigurationPlatforms) = preSolution
		Debug|Any CPU = Debug|Any CPU
		Release|Any CPU = Release|Any CPU
	EndGlobalSection
	GlobalSection(ProjectConfigurationPlatforms) = postSolution
		{70D99F76-2022-40DA-B4AA-1AB1C8E29F39}.Debug|Any CPU.ActiveCfg = Debug|Any CPU
		{70D99F76-2022-40DA-B4AA-1AB1C8E29F39}.Debug|Any CPU.Build.0 = Debug|Any CPU
		{70D99F76-2022-40DA-B4AA-1AB1C8E29F39}.Release|Any CPU.ActiveCfg = Release|Any CPU
		{70D99F76-2022-40DA-B4AA-1AB1C8E29F39}.Release|Any CPU.Build.0 = Release|Any CPU
		{DD81B884-15CC-4557-BF3D-8B15CE4B44FA}.Debug|Any CPU.ActiveCfg = Debug|Any CPU
		{DD81B884-15CC-4557-BF3D-8B15CE4B44FA}.Debug|Any CPU.Build.0 = Debug|Any CPU
		{DD81B884-15CC-4557-BF3D-8B15CE4B44FA}.Release|Any CPU.ActiveCfg = Release|Any CPU
		{DD81B884-15CC-4557-BF3D-8B15CE4B44FA}.Release|Any CPU.Build.0 = Release|Any CPU
		{AA12BE50-37F4-4D3A-8BF6-3ADEB80498A8}.Debug|Any CPU.ActiveCfg = Debug|Any CPU
		{AA12BE50-37F4-4D3A-8BF6-3ADEB80498A8}.Debug|Any CPU.Build.0 = Debug|Any CPU
		{AA12BE50-37F4-4D3A-8BF6-3ADEB80498A8}.Release|Any CPU.ActiveCfg = Release|Any CPU
		{AA12BE50-37F4-4D3A-8BF6-3ADEB80498A8}.Release|Any CPU.Build.0 = Release|Any CPU
		{D4BA73D1-DE2B-4B94-B54B-E65A4DB377E5}.Debug|Any CPU.ActiveCfg = Debug|Any CPU
		{D4BA73D1-DE2B-4B94-B54B-E65A4DB377E5}.Debug|Any CPU.Build.0 = Debug|Any CPU
		{D4BA73D1-DE2B-4B94-B54B-E65A4DB377E5}.Release|Any CPU.ActiveCfg = Release|Any CPU
		{D4BA73D1-DE2B-4B94-B54B-E65A4DB377E5}.Release|Any CPU.Build.0 = Release|Any CPU
		{2D536CBF-5ABA-F1F4-E244-F4FA4E7B20F7}.Debug|Any CPU.ActiveCfg = Debug|Any CPU
		{2D536CBF-5ABA-F1F4-E244-F4FA4E7B20F7}.Debug|Any CPU.Build.0 = Debug|Any CPU
		{2D536CBF-5ABA-F1F4-E244-F4FA4E7B20F7}.Release|Any CPU.ActiveCfg = Release|Any CPU
		{2D536CBF-5ABA-F1F4-E244-F4FA4E7B20F7}.Release|Any CPU.Build.0 = Release|Any CPU
		{8D2E27B2-A42E-D7F6-C2FD-025779663AD8}.Debug|Any CPU.ActiveCfg = Debug|Any CPU
		{8D2E27B2-A42E-D7F6-C2FD-025779663AD8}.Debug|Any CPU.Build.0 = Debug|Any CPU
		{8D2E27B2-A42E-D7F6-C2FD-025779663AD8}.Release|Any CPU.ActiveCfg = Release|Any CPU
		{8D2E27B2-A42E-D7F6-C2FD-025779663AD8}.Release|Any CPU.Build.0 = Release|Any CPU
	EndGlobalSection
	GlobalSection(SolutionProperties) = preSolution
		HideSolutionNode = FALSE
	EndGlobalSection
	GlobalSection(NestedProjects) = preSolution
		{70D99F76-2022-40DA-B4AA-1AB1C8E29F39} = {02EA681E-C7D8-13C7-8484-4AC65E1B71E8}
		{DD81B884-15CC-4557-BF3D-8B15CE4B44FA} = {02EA681E-C7D8-13C7-8484-4AC65E1B71E8}
		{AA12BE50-37F4-4D3A-8BF6-3ADEB80498A8} = {02EA681E-C7D8-13C7-8484-4AC65E1B71E8}
		{D4BA73D1-DE2B-4B94-B54B-E65A4DB377E5} = {02EA681E-C7D8-13C7-8484-4AC65E1B71E8}
		{2D536CBF-5ABA-F1F4-E244-F4FA4E7B20F7} = {02EA681E-C7D8-13C7-8484-4AC65E1B71E8}
		{8D2E27B2-A42E-D7F6-C2FD-025779663AD8} = {02EA681E-C7D8-13C7-8484-4AC65E1B71E8}
	EndGlobalSection
	GlobalSection(ExtensibilityGlobals) = postSolution
		SolutionGuid = {001F04D9-2852-494A-9514-36DB09E9AC4D}
	EndGlobalSection
EndGlobal
